
Microsoft Visual Studio Solution File, Format Version 12.00
# Visual Studio Version 17
VisualStudioVersion = 17.2.32630.192
MinimumVisualStudioVersion = 10.0.40219.1
Project("{FAE04EC0-301F-11D3-BF4B-00C04F79EFBC}") = "WaterCoolerUserPreferences.Web", "WaterCoolerUserPreferences.Web.csproj", "{B395456A-57DC-4196-8F8D-42F245E5F141}"
EndProject
Project("{9A19103F-16F7-4668-BE54-9A1E7A4F7556}") = "WaterCoolerUserPreferences.Models", "..\WaterCoolerUserPreferences.Models\WaterCoolerUserPreferences.Models.csproj", "{4FED2ECE-94FA-4F21-B43A-6922D4B9DBE6}"
EndProject
Global
	GlobalSection(SolutionConfigurationPlatforms) = preSolution
		Debug|Any CPU = Debug|Any CPU
		Release|Any CPU = Release|Any CPU
	EndGlobalSection
	GlobalSection(ProjectConfigurationPlatforms) = postSolution
		{B395456A-57DC-4196-8F8D-42F245E5F141}.Debug|Any CPU.ActiveCfg = Debug|Any CPU
		{B395456A-57DC-4196-8F8D-42F245E5F141}.Debug|Any CPU.Build.0 = Debug|Any CPU
		{B395456A-57DC-4196-8F8D-42F245E5F141}.Release|Any CPU.ActiveCfg = Release|Any CPU
		{B395456A-57DC-4196-8F8D-42F245E5F141}.Release|Any CPU.Build.0 = Release|Any CPU
		{4FED2ECE-94FA-4F21-B43A-6922D4B9DBE6}.Debug|Any CPU.ActiveCfg = Debug|Any CPU
		{4FED2ECE-94FA-4F21-B43A-6922D4B9DBE6}.Debug|Any CPU.Build.0 = Debug|Any CPU
		{4FED2ECE-94FA-4F21-B43A-6922D4B9DBE6}.Release|Any CPU.ActiveCfg = Release|Any CPU
		{4FED2ECE-94FA-4F21-B43A-6922D4B9DBE6}.Release|Any CPU.Build.0 = Release|Any CPU
	EndGlobalSection
	GlobalSection(SolutionProperties) = preSolution
		HideSolutionNode = FALSE
	EndGlobalSection
	GlobalSection(ExtensibilityGlobals) = postSolution
		SolutionGuid = {1B0ECD36-FD03-4C77-B87C-4AC5370CA87C}
	EndGlobalSection
EndGlobal
